{
  "nodes": {
    "nixpkgs": {
      "locked": {
        "lastModified": 1770710352,
        "narHash": "sha256-Og/01FGiBErqw6hU5NEeMexBKEncv7d7bOBPAcdjrLg=",
        "owner": "nixos",
        "repo": "nixpkgs",
        "rev": "9563688377fc0b9bdd0475871e0acc7cf855fcce",
        "type": "github"
      },
      "original": {
        "owner": "nixos",
        "ref": "nixos-25.11-small",
        "repo": "nixpkgs",
        "type": "github"
      }
    },
    "root": {
      "inputs": {
        "nixpkgs": "nixpkgs"
      }
    }
  },
  "root": "root",
  "version": 7
}
